
Microsoft Visual Studio Solution File, Format Version 12.00
# Visual Studio 2013
VisualStudioVersion = 12.0.40629.0
MinimumVisualStudioVersion = 10.0.40219.1
Project("{FAE04EC0-301F-11D3-BF4B-00C04F79EFBC}") = "League of Legends Counterpicks", "League of Legends Counterpicks\League of Legends Counterpicks.csproj", "{7EE27609-21AC-4764-AEEE-95EC0A7A07DD}"
EndProject
Project("{2150E333-8FDC-42A3-9474-1A3956D46DE8}") = "League of Legends Counterpicks", "League of Legends Counterpicks", "{99806ED6-1F53-4521-ACB0-E7C027B41F3A}"
EndProject
Project("{D954291E-2A0B-460D-934E-DC6B0785DB48}") = "League of Legends Counterpicks.Shared", "League of Legends Counterpicks.Shared\League of Legends Counterpicks.Shared.shproj", "{F498E992-E309-44D6-B039-225BE3CC63CC}"
EndProject
Project("{FAE04EC0-301F-11D3-BF4B-00C04F79EFBC}") = "League of Legends Counterpicks.Windows", "League of Legends Counterpicks.Windows\League of Legends Counterpicks.Windows.csproj", "{B520D94E-7B43-42B3-B76F-BBC217F05B50}"
EndProject
Project("{FAE04EC0-301F-11D3-BF4B-00C04F79EFBC}") = "Tasks", "Tasks\Tasks.csproj", "{6FE453CD-1611-4DF9-ACA9-E04B71EE0DD5}"
EndProject
Project("{FAE04EC0-301F-11D3-BF4B-00C04F79EFBC}") = "LeagueSeason5CountersService", "LeagueSeason5CountersService\LeagueSeason5CountersService.csproj", "{209FA716-A7AD-4095-BD70-C8710FC66FA7}"
EndProject
Global
	GlobalSection(SharedMSBuildProjectFiles) = preSolution
		League of Legends Counterpicks.Shared\League of Legends Counterpicks.Shared.projitems*{7ee27609-21ac-4764-aeee-95ec0a7a07dd}*SharedItemsImports = 4
		League of Legends Counterpicks.Shared\League of Legends Counterpicks.Shared.projitems*{f498e992-e309-44d6-b039-225be3cc63cc}*SharedItemsImports = 13
		League of Legends Counterpicks.Shared\League of Legends Counterpicks.Shared.projitems*{b520d94e-7b43-42b3-b76f-bbc217f05b50}*SharedItemsImports = 4
	EndGlobalSection
	GlobalSection(SolutionConfigurationPlatforms) = preSolution
		Debug|Any CPU = Debug|Any CPU
		Debug|ARM = Debug|ARM
		Debug|x64 = Debug|x64
		Debug|x86 = Debug|x86
		Release|Any CPU = Release|Any CPU
		Release|ARM = Release|ARM
		Release|x64 = Release|x64
		Release|x86 = Release|x86
		test|Any CPU = test|Any CPU
		test|ARM = test|ARM
		test|x64 = test|x64
		test|x86 = test|x86
	EndGlobalSection
	GlobalSection(ProjectConfigurationPlatforms) = postSolution
		{7EE27609-21AC-4764-AEEE-95EC0A7A07DD}.Debug|Any CPU.ActiveCfg = Debug|Any CPU
		{7EE27609-21AC-4764-AEEE-95EC0A7A07DD}.Debug|Any CPU.Build.0 = Debug|Any CPU
		{7EE27609-21AC-4764-AEEE-95EC0A7A07DD}.Debug|Any CPU.Deploy.0 = Debug|Any CPU
		{7EE27609-21AC-4764-AEEE-95EC0A7A07DD}.Debug|ARM.ActiveCfg = Debug|ARM
		{7EE27609-21AC-4764-AEEE-95EC0A7A07DD}.Debug|ARM.Build.0 = Debug|ARM
		{7EE27609-21AC-4764-AEEE-95EC0A7A07DD}.Debug|ARM.Deploy.0 = Debug|ARM
		{7EE27609-21AC-4764-AEEE-95EC0A7A07DD}.Debug|x64.ActiveCfg = Debug|Any CPU
		{7EE27609-21AC-4764-AEEE-95EC0A7A07DD}.Debug|x86.ActiveCfg = Debug|x86
		{7EE27609-21AC-4764-AEEE-95EC0A7A07DD}.Debug|x86.Build.0 = Debug|x86
		{7EE27609-21AC-4764-AEEE-95EC0A7A07DD}.Debug|x86.Deploy.0 = Debug|x86
		{7EE27609-21AC-4764-AEEE-95EC0A7A07DD}.Release|Any CPU.ActiveCfg = Release|Any CPU
		{7EE27609-21AC-4764-AEEE-95EC0A7A07DD}.Release|Any CPU.Build.0 = Release|Any CPU
		{7EE27609-21AC-4764-AEEE-95EC0A7A07DD}.Release|Any CPU.Deploy.0 = Release|Any CPU
		{7EE27609-21AC-4764-AEEE-95EC0A7A07DD}.Release|ARM.ActiveCfg = Release|ARM
		{7EE27609-21AC-4764-AEEE-95EC0A7A07DD}.Release|ARM.Build.0 = Release|ARM
		{7EE27609-21AC-4764-AEEE-95EC0A7A07DD}.Release|ARM.Deploy.0 = Release|ARM
		{7EE27609-21AC-4764-AEEE-95EC0A7A07DD}.Release|x64.ActiveCfg = Release|Any CPU
		{7EE27609-21AC-4764-AEEE-95EC0A7A07DD}.Release|x86.ActiveCfg = Release|x86
		{7EE27609-21AC-4764-AEEE-95EC0A7A07DD}.Release|x86.Build.0 = Release|x86
		{7EE27609-21AC-4764-AEEE-95EC0A7A07DD}.Release|x86.Deploy.0 = Release|x86
		{7EE27609-21AC-4764-AEEE-95EC0A7A07DD}.test|Any CPU.ActiveCfg = Release|Any CPU
		{7EE27609-21AC-4764-AEEE-95EC0A7A07DD}.test|Any CPU.Build.0 = Release|Any CPU
		{7EE27609-21AC-4764-AEEE-95EC0A7A07DD}.test|Any CPU.Deploy.0 = Release|Any CPU
		{7EE27609-21AC-4764-AEEE-95EC0A7A07DD}.test|ARM.ActiveCfg = Release|ARM
		{7EE27609-21AC-4764-AEEE-95EC0A7A07DD}.test|ARM.Build.0 = Release|ARM
		{7EE27609-21AC-4764-AEEE-95EC0A7A07DD}.test|ARM.Deploy.0 = Release|ARM
		{7EE27609-21AC-4764-AEEE-95EC0A7A07DD}.test|x64.ActiveCfg = Release|Any CPU
		{7EE27609-21AC-4764-AEEE-95EC0A7A07DD}.test|x86.ActiveCfg = Release|x86
		{7EE27609-21AC-4764-AEEE-95EC0A7A07DD}.test|x86.Build.0 = Release|x86
		{7EE27609-21AC-4764-AEEE-95EC0A7A07DD}.test|x86.Deploy.0 = Release|x86
		{B520D94E-7B43-42B3-B76F-BBC217F05B50}.Debug|Any CPU.ActiveCfg = Debug|Any CPU
		{B520D94E-7B43-42B3-B76F-BBC217F05B50}.Debug|Any CPU.Build.0 = Debug|Any CPU
		{B520D94E-7B43-42B3-B76F-BBC217F05B50}.Debug|Any CPU.Deploy.0 = Debug|Any CPU
		{B520D94E-7B43-42B3-B76F-BBC217F05B50}.Debug|ARM.ActiveCfg = Debug|ARM
		{B520D94E-7B43-42B3-B76F-BBC217F05B50}.Debug|ARM.Build.0 = Debug|ARM
		{B520D94E-7B43-42B3-B76F-BBC217F05B50}.Debug|ARM.Deploy.0 = Debug|ARM
		{B520D94E-7B43-42B3-B76F-BBC217F05B50}.Debug|x64.ActiveCfg = Debug|x64
		{B520D94E-7B43-42B3-B76F-BBC217F05B50}.Debug|x64.Build.0 = Debug|x64
		{B520D94E-7B43-42B3-B76F-BBC217F05B50}.Debug|x64.Deploy.0 = Debug|x64
		{B520D94E-7B43-42B3-B76F-BBC217F05B50}.Debug|x86.ActiveCfg = Debug|x86
		{B520D94E-7B43-42B3-B76F-BBC217F05B50}.Debug|x86.Build.0 = Debug|x86
		{B520D94E-7B43-42B3-B76F-BBC217F05B50}.Debug|x86.Deploy.0 = Debug|x86
		{B520D94E-7B43-42B3-B76F-BBC217F05B50}.Release|Any CPU.ActiveCfg = Release|Any CPU
		{B520D94E-7B43-42B3-B76F-BBC217F05B50}.Release|Any CPU.Build.0 = Release|Any CPU
		{B520D94E-7B43-42B3-B76F-BBC217F05B50}.Release|Any CPU.Deploy.0 = Release|Any CPU
		{B520D94E-7B43-42B3-B76F-BBC217F05B50}.Release|ARM.ActiveCfg = Release|ARM
		{B520D94E-7B43-42B3-B76F-BBC217F05B50}.Release|ARM.Build.0 = Release|ARM
		{B520D94E-7B43-42B3-B76F-BBC217F05B50}.Release|ARM.Deploy.0 = Release|ARM
		{B520D94E-7B43-42B3-B76F-BBC217F05B50}.Release|x64.ActiveCfg = Release|x64
		{B520D94E-7B43-42B3-B76F-BBC217F05B50}.Release|x64.Build.0 = Release|x64
		{B520D94E-7B43-42B3-B76F-BBC217F05B50}.Release|x64.Deploy.0 = Release|x64
		{B520D94E-7B43-42B3-B76F-BBC217F05B50}.Release|x86.ActiveCfg = Release|x86
		{B520D94E-7B43-42B3-B76F-BBC217F05B50}.Release|x86.Build.0 = Release|x86
		{B520D94E-7B43-42B3-B76F-BBC217F05B50}.Release|x86.Deploy.0 = Release|x86
		{B520D94E-7B43-42B3-B76F-BBC217F05B50}.test|Any CPU.ActiveCfg = Release|Any CPU
		{B520D94E-7B43-42B3-B76F-BBC217F05B50}.test|Any CPU.Build.0 = Release|Any CPU
		{B520D94E-7B43-42B3-B76F-BBC217F05B50}.test|Any CPU.Deploy.0 = Release|Any CPU
		{B520D94E-7B43-42B3-B76F-BBC217F05B50}.test|ARM.ActiveCfg = Release|ARM
		{B520D94E-7B43-42B3-B76F-BBC217F05B50}.test|ARM.Build.0 = Release|ARM
		{B520D94E-7B43-42B3-B76F-BBC217F05B50}.test|ARM.Deploy.0 = Release|ARM
		{B520D94E-7B43-42B3-B76F-BBC217F05B50}.test|x64.ActiveCfg = Release|x64
		{B520D94E-7B43-42B3-B76F-BBC217F05B50}.test|x64.Build.0 = Release|x64
		{B520D94E-7B43-42B3-B76F-BBC217F05B50}.test|x64.Deploy.0 = Release|x64
		{B520D94E-7B43-42B3-B76F-BBC217F05B50}.test|x86.ActiveCfg = Release|x86
		{B520D94E-7B43-42B3-B76F-BBC217F05B50}.test|x86.Build.0 = Release|x86
		{B520D94E-7B43-42B3-B76F-BBC217F05B50}.test|x86.Deploy.0 = Release|x86
		{6FE453CD-1611-4DF9-ACA9-E04B71EE0DD5}.Debug|Any CPU.ActiveCfg = Debug|Any CPU
		{6FE453CD-1611-4DF9-ACA9-E04B71EE0DD5}.Debug|Any CPU.Build.0 = Debug|Any CPU
		{6FE453CD-1611-4DF9-ACA9-E04B71EE0DD5}.Debug|ARM.ActiveCfg = Debug|Any CPU
		{6FE453CD-1611-4DF9-ACA9-E04B71EE0DD5}.Debug|x64.ActiveCfg = Debug|Any CPU
		{6FE453CD-1611-4DF9-ACA9-E04B71EE0DD5}.Debug|x86.ActiveCfg = Debug|Any CPU
		{6FE453CD-1611-4DF9-ACA9-E04B71EE0DD5}.Release|Any CPU.ActiveCfg = Release|Any CPU
		{6FE453CD-1611-4DF9-ACA9-E04B71EE0DD5}.Release|Any CPU.Build.0 = Release|Any CPU
		{6FE453CD-1611-4DF9-ACA9-E04B71EE0DD5}.Release|ARM.ActiveCfg = Release|Any CPU
		{6FE453CD-1611-4DF9-ACA9-E04B71EE0DD5}.Release|x64.ActiveCfg = Release|Any CPU
		{6FE453CD-1611-4DF9-ACA9-E04B71EE0DD5}.Release|x86.ActiveCfg = Release|Any CPU
		{6FE453CD-1611-4DF9-ACA9-E04B71EE0DD5}.test|Any CPU.ActiveCfg = Release|Any CPU
		{6FE453CD-1611-4DF9-ACA9-E04B71EE0DD5}.test|Any CPU.Build.0 = Release|Any CPU
		{6FE453CD-1611-4DF9-ACA9-E04B71EE0DD5}.test|ARM.ActiveCfg = Release|Any CPU
		{6FE453CD-1611-4DF9-ACA9-E04B71EE0DD5}.test|x64.ActiveCfg = Release|Any CPU
		{6FE453CD-1611-4DF9-ACA9-E04B71EE0DD5}.test|x86.ActiveCfg = Release|Any CPU
		{209FA716-A7AD-4095-BD70-C8710FC66FA7}.Debug|Any CPU.ActiveCfg = Debug|Any CPU
		{209FA716-A7AD-4095-BD70-C8710FC66FA7}.Debug|Any CPU.Build.0 = Debug|Any CPU
		{209FA716-A7AD-4095-BD70-C8710FC66FA7}.Debug|ARM.ActiveCfg = Debug|Any CPU
		{209FA716-A7AD-4095-BD70-C8710FC66FA7}.Debug|x64.ActiveCfg = Debug|Any CPU
		{209FA716-A7AD-4095-BD70-C8710FC66FA7}.Debug|x86.ActiveCfg = Debug|Any CPU
		{209FA716-A7AD-4095-BD70-C8710FC66FA7}.Release|Any CPU.ActiveCfg = Release|Any CPU
		{209FA716-A7AD-4095-BD70-C8710FC66FA7}.Release|Any CPU.Build.0 = Release|Any CPU
		{209FA716-A7AD-4095-BD70-C8710FC66FA7}.Release|ARM.ActiveCfg = Release|Any CPU
		{209FA716-A7AD-4095-BD70-C8710FC66FA7}.Release|x64.ActiveCfg = Release|Any CPU
		{209FA716-A7AD-4095-BD70-C8710FC66FA7}.Release|x86.ActiveCfg = Release|Any CPU
		{209FA716-A7AD-4095-BD70-C8710FC66FA7}.test|Any CPU.ActiveCfg = Release|Any CPU
		{209FA716-A7AD-4095-BD70-C8710FC66FA7}.test|Any CPU.Build.0 = Release|Any CPU
		{209FA716-A7AD-4095-BD70-C8710FC66FA7}.test|ARM.ActiveCfg = Release|Any CPU
		{209FA716-A7AD-4095-BD70-C8710FC66FA7}.test|x64.ActiveCfg = Release|Any CPU
		{209FA716-A7AD-4095-BD70-C8710FC66FA7}.test|x86.ActiveCfg = Release|Any CPU
	EndGlobalSection
	GlobalSection(SolutionProperties) = preSolution
		HideSolutionNode = FALSE
	EndGlobalSection
	GlobalSection(NestedProjects) = preSolution
		{7EE27609-21AC-4764-AEEE-95EC0A7A07DD} = {99806ED6-1F53-4521-ACB0-E7C027B41F3A}
		{F498E992-E309-44D6-B039-225BE3CC63CC} = {99806ED6-1F53-4521-ACB0-E7C027B41F3A}
		{B520D94E-7B43-42B3-B76F-BBC217F05B50} = {99806ED6-1F53-4521-ACB0-E7C027B41F3A}
		{6FE453CD-1611-4DF9-ACA9-E04B71EE0DD5} = {99806ED6-1F53-4521-ACB0-E7C027B41F3A}
		{209FA716-A7AD-4095-BD70-C8710FC66FA7} = {99806ED6-1F53-4521-ACB0-E7C027B41F3A}
	EndGlobalSection
EndGlobal
